
Microsoft Visual Studio Solution File, Format Version 12.00
# Visual Studio Version 16
VisualStudioVersion = 16.0.30204.135
MinimumVisualStudioVersion = 10.0.40219.1
Project("{FAE04EC0-301F-11D3-BF4B-00C04F79EFBC}") = "APBD-Kolokwium", "APBD-Kolokwium\APBD-Kolokwium.csproj", "{AA6B8F25-3A66-41B3-BAD4-9E131E2055D4}"
EndProject
Global
	GlobalSection(SolutionConfigurationPlatforms) = preSolution
		Debug|Any CPU = Debug|Any CPU
		Release|Any CPU = Release|Any CPU
	EndGlobalSection
	GlobalSection(ProjectConfigurationPlatforms) = postSolution
		{AA6B8F25-3A66-41B3-BAD4-9E131E2055D4}.Debug|Any CPU.ActiveCfg = Debug|Any CPU
		{AA6B8F25-3A66-41B3-BAD4-9E131E2055D4}.Debug|Any CPU.Build.0 = Debug|Any CPU
		{AA6B8F25-3A66-41B3-BAD4-9E131E2055D4}.Release|Any CPU.ActiveCfg = Release|Any CPU
		{AA6B8F25-3A66-41B3-BAD4-9E131E2055D4}.Release|Any CPU.Build.0 = Release|Any CPU
	EndGlobalSection
	GlobalSection(SolutionProperties) = preSolution
		HideSolutionNode = FALSE
	EndGlobalSection
	GlobalSection(ExtensibilityGlobals) = postSolution
		SolutionGuid = {3DFB9060-C542-484A-9D9E-9B3EDF0C75AD}
	EndGlobalSection
EndGlobal
